bou.ke/monkey v1.0.2 h1:kWcnsrCNUatbxncxR/ThdYqbytgOIArtYWqcQLQzKLI=
bou.ke/monkey v1.0.2/go.mod h1:OqickVX3tNx6t33n1xvtTtu85YN5s6cKwVug+oHMaIA=
github.com/brianvoe/gofakeit v3.18.0+incompatible h1:wDOmHc9DLG4nRjUVVaxA+CEglKOW72Y5+4WNxUIkjM8=
github.com/brianvoe/gofakeit v3.18.0+incompatible/go.mod h1:kfwdRA90vvNhPutZWfH7WPaDzUjz+CZFqG+rPkOjGOc=
github.com/davecgh/go-spew v1.1.0 h1:ZDRjVQ15GmhC3fiQ8ni8+OwkZQO4DARzQgrnXU1Liz8=
github.com/davecgh/go-spew v1.1.0/go.mod h1:J7Y8YcW2NihsgmVo/mv3lAwl/skON4iLHjSsI+c5H38=
github.com/davecgh/go-spew v1.1.1 h1:vj9j/u1bqnvCEfJOwUhtlOARqs3+rkHYY13jYWTU97c=
github.com/davecgh/go-spew v1.1.1/go.mod h1:J7Y8YcW2NihsgmVo/mv3lAwl/skON4iLHjSsI+c5H38=
github.com/fatih/color v1.15.0 h1:kOqh6YHBtK8aywxGerMG2Eq3H6Qgoqeo13Bk2Mv/nBs=
github.com/fatih/color v1.15.0/go.mod h1:0h5ZqXfHYED7Bhv2ZJamyIOUej9KtShiJESRwBDUSsw=
github.com/hashicorp/errwrap v1.0.0 h1:hLrqtEDnRye3+sgx6z4qVLNuviH3MR5aQ0ykNJa/UYA=
github.com/hashicorp/errwrap v1.0.0/go.mod h1:YH+1FKiLXxHSkmPseP+kNlulaMuP3n2brvKWEqk/Jc4=
github.com/hashicorp/go-multierror v1.1.1 h1:H5DkEtf6CXdFp0N0Em5UCwQpXMWke8IA0+lD48awMYo=
github.com/hashicorp/go-multierror v1.1.1/go.mod h1:iw975J/qwKPdAO1clOe2L8331t/9/fmwbPZ6JB6eMoM=
github.com/mattn/go-colorable v0.1.13 h1:fFA4WZxdEF4tXPZVKMLwD8oUnCTTo08duU7wxecdEvA=
github.com/mattn/go-colorable v0.1.13/go.mod h1:7S9/ev0klgBDR4GtXTXX8a3vIGJpMovkB8vQcUbaXHg=
github.com/mattn/go-isatty v0.0.16/go.mod h1:kYGgaQfpe5nmfYZH+SKPsOc2e4SrIfOl2e/yFXSvRLM=
github.com/mattn/go-isatty v0.0.17 h1:BTarxUcIeDqL27Mc+vyvdWYSL28zpIhv3RoTdsLMPng=
github.com/mattn/go-isatty v0.0.17/go.mod h1:kYGgaQfpe5nmfYZH+SKPsOc2e4SrIfOl2e/yFXSvRLM=
github.com/pmezard/go-difflib v1.0.0 h1:4DBwDE0NGyQoBHbLQYPwSUPoCMWR5BEzIk/f1lZbAQM=
github.com/pmezard/go-difflib v1.0.0/go.mod h1:iKH77koFhYxTK1pcRnkKkqfTogsbg7gZNVY4sRDYZ/4=
github.com/stretchr/objx v0.1.0/go.mod h1:HFkY916IF+rwdDfMAkV7OtwuqBVzrE8GR6GFx+wExME=
github.com/stretchr/objx v0.4.0/go.mod h1:YvHI0jy2hoMjB+UWwv71VJQ9isScKT/TqJzVSSt89Yw=
github.com/stretchr/objx v0.5.0 h1:1zr/of2m5FGMsad5YfcqgdqdWrIhu+EBEJRhR1U7z/c=
github.com/stretchr/objx v0.5.0/go.mod h1:Yh+to48EsGEfYuaHDzXPcE3xhTkx73EhmCGUpEOglKo=
github.com/stretchr/testify v1.7.1 h1:5TQK59W5E3v0r2duFAb7P95B6hEeOyEnHRa8MjYSMTY=
github.com/stretchr/testify v1.7.1/go.mod h1:6Fq8oRcR53rry900zMqJjRRixrwX3KX962/h/Wwjteg=
github.com/stretchr/testify v1.8.0/go.mod h1:yNjHg4UonilssWZ8iaSj1OCr/vHnekPRkoO+kdMU+MU=
github.com/stretchr/testify v1.8.4 h1:CcVxjf3Q8PM0mHUKJCdn+eZZtm5yQwehR5yeSVQQcUk=
github.com/stretchr/testify v1.8.4/go.mod h1:sz/lmYIOXD/1dqDmKjjqLyZ2RngseejIcXlSw2iwfAo=
github.com/terryhay/dolly/argparser v0.0.0-20230919150754-c70aa02dfcbf h1:U8tlTG2Gl8W8Q9L20XZX5AS/dDcpuweoLgpOzCdJQWM=
github.com/terryhay/dolly/argparser v0.0.0-20230919150754-c70aa02dfcbf/go.mod h1:bmkpWZ/hbK3dKhWqGrc2y9zVIs55IUVJb+QxtWhdveE=
github.com/terryhay/dolly/argparser v0.0.0-20230925125744-3446e6c4f0a8 h1:tqGyLkjjDGgAqmjFMwnvSGqCYEUddIipMNiQp1LIuDE=
github.com/terryhay/dolly/argparser v0.0.0-20230925125744-3446e6c4f0a8/go.mod h1:jjaTfQALc94+kNKthScP1ujnUOZNqAXAOw0bqnZGqLI=
github.com/terryhay/dolly/argparser v0.0.0-20230930082635-01b5b41d9cc7 h1:IOal+DSUuFnN7h2Y/dzBA6CEsr3QOm9UgFmrnbSkilo=
github.com/terryhay/dolly/argparser v0.0.0-20230930082635-01b5b41d9cc7/go.mod h1:/8L57Sb1jae5AubJ7D1n3lTu79ctxdVknYw80Chk/y8=
github.com/terryhay/dolly/argparser v0.0.0-20230930091548-8b68c8a05cc7 h1:R0fopm1neZt93GxtAzhNeoxd1bZlyT/9XQDswfp89Ik=
github.com/terryhay/dolly/argparser v0.0.0-20230930091548-8b68c8a05cc7/go.mod h1:CvmSdteTvZ5qkFFaTzbXOlOkfpu2hKAwie+d0HkT+ro=
github.com/terryhay/dolly/tools v0.0.0-20230506145610-2859b9af2ce2 h1:wn7PgFf3zyB1PlWlgzt5+3l8qZ1pbr2znwz/x53c2aA=
github.com/terryhay/dolly/tools v0.0.0-20230506145610-2859b9af2ce2/go.mod h1:rmXJIqGdU3zOohNekJYbVwWH75Sc6g2KldDLgpfPCDc=
github.com/terryhay/dolly/tools v0.0.0-20230919150754-c70aa02dfcbf h1:U2ulE6s7JLMgVgMGkLRYwbyNuEcwjaJ+NU1o6NYjTFM=
github.com/terryhay/dolly/tools v0.0.0-20230919150754-c70aa02dfcbf/go.mod h1:OGHDRvL/95COzlhEPNjljj8JXpGa3y+iJbDlDL5pB5M=
github.com/terryhay/dolly/tools v0.0.0-20230925125744-3446e6c4f0a8 h1:OFtkpYmN5EVKVXw2TSnBK9UTpZoOn183zfF3ylLi1RQ=
github.com/terryhay/dolly/tools v0.0.0-20230925125744-3446e6c4f0a8/go.mod h1:b7YkuD/lMjUOSpnLygTYoZc+CKW0/VNFjZ8lxYlmctY=
github.com/terryhay/dolly/tools v0.0.0-20230930082635-01b5b41d9cc7 h1:YjEFe7bRIEiPpsFsv23VTkAc7CzMbUHtz6hkG4Bd00w=
github.com/terryhay/dolly/tools v0.0.0-20230930082635-01b5b41d9cc7/go.mod h1:b7YkuD/lMjUOSpnLygTYoZc+CKW0/VNFjZ8lxYlmctY=
github.com/terryhay/dolly/tools v0.0.0-20230930091548-8b68c8a05cc7 h1:H2Hv7dHZ4kSSulhCiIkzhjLNDuikWb25ip9vlvxXUKE=
github.com/terryhay/dolly/tools v0.0.0-20230930091548-8b68c8a05cc7/go.mod h1:b7YkuD/lMjUOSpnLygTYoZc+CKW0/VNFjZ8lxYlmctY=
golang.org/x/exp v0.0.0-20230420155640-133eef4313cb h1:rhjz/8Mbfa8xROFiH+MQphmAmgqRM0bOMnytznhWEXk=
golang.org/x/exp v0.0.0-20230420155640-133eef4313cb/go.mod h1:V1LtkGg67GoY2N1AnLN78QLrzxkLyJw7RJb1gzOOz9w=
golang.org/x/sys v0.0.0-20220811171246-fbc7d0a398ab/go.mod h1:oPkhp1MJrh7nUepCBck5+mAzfO9JrbApNNgaTdGDITg=
golang.org/x/sys v0.6.0 h1:MVltZSvRTcU2ljQOhs94SXPftV6DCNnZViHeQps87pQ=
golang.org/x/sys v0.6.0/go.mod h1:oPkhp1MJrh7nUepCBck5+mAzfO9JrbApNNgaTdGDITg=
gopkg.in/check.v1 v0.0.0-20161208181325-20d25e280405 h1:yhCVgyC4o1eVCa2tZl7eS0r+SDo693bJlVdllGtEeKM=
gopkg.in/check.v1 v0.0.0-20161208181325-20d25e280405/go.mod h1:Co6ibVJAznAaIkqp8huTwlJQCZ016jof/cbN4VW5Yz0=
gopkg.in/yaml.v3 v3.0.0-20200313102051-9f266ea9e77c/go.mod h1:K4uyk7z7BCEPqu6E+C64Yfv1cQ7kz7rIZviUmN+EgEM=
gopkg.in/yaml.v3 v3.0.1 h1:fxVm/GzAzEWqLHuvctI91KS9hhNmmWOoWu0XTYJS7CA=
gopkg.in/yaml.v3 v3.0.1/go.mod h1:K4uyk7z7BCEPqu6E+C64Yfv1cQ7kz7rIZviUmN+EgEM=
