bou.ke/monkey v1.0.2/go.mod h1:OqickVX3tNx6t33n1xvtTtu85YN5s6cKwVug+oHMaIA=
github.com/brianvoe/gofakeit v3.18.0+incompatible h1:wDOmHc9DLG4nRjUVVaxA+CEglKOW72Y5+4WNxUIkjM8=
github.com/brianvoe/gofakeit v3.18.0+incompatible/go.mod h1:kfwdRA90vvNhPutZWfH7WPaDzUjz+CZFqG+rPkOjGOc=
github.com/davecgh/go-spew v1.1.0 h1:ZDRjVQ15GmhC3fiQ8ni8+OwkZQO4DARzQgrnXU1Liz8=
github.com/davecgh/go-spew v1.1.0/go.mod h1:J7Y8YcW2NihsgmVo/mv3lAwl/skON4iLHjSsI+c5H38=
github.com/google/go-cmp v0.5.8 h1:e6P7q2lk1O+qJJb4BtCQXlK8vWEO8V1ZeuEdJNOqZyg=
github.com/google/go-cmp v0.5.8/go.mod h1:17dUlkBOakJ0+DkrSSNjCkIjxS6bF9zb3elmeNGIjoY=
github.com/hashicorp/errwrap v1.0.0 h1:hLrqtEDnRye3+sgx6z4qVLNuviH3MR5aQ0ykNJa/UYA=
github.com/hashicorp/errwrap v1.0.0/go.mod h1:YH+1FKiLXxHSkmPseP+kNlulaMuP3n2brvKWEqk/Jc4=
github.com/hashicorp/go-multierror v1.1.1 h1:H5DkEtf6CXdFp0N0Em5UCwQpXMWke8IA0+lD48awMYo=
github.com/hashicorp/go-multierror v1.1.1/go.mod h1:iw975J/qwKPdAO1clOe2L8331t/9/fmwbPZ6JB6eMoM=
github.com/mattn/go-runewidth v0.0.9 h1:Lm995f3rfxdpd6TSmuVCHVb/QhupuXlYr8sCI/QdE+0=
github.com/mattn/go-runewidth v0.0.9/go.mod h1:H031xJmbD/WCDINGzjvQ9THkh0rPKHF+m2gUSrubnMI=
github.com/nsf/termbox-go v1.1.1 h1:nksUPLCb73Q++DwbYUBEglYBRPZyoXJdrj5L+TkjyZY=
github.com/nsf/termbox-go v1.1.1/go.mod h1:T0cTdVuOwf7pHQNtfhnEbzHbcNyCEcVU4YPpouCbVxo=
github.com/pmezard/go-difflib v1.0.0 h1:4DBwDE0NGyQoBHbLQYPwSUPoCMWR5BEzIk/f1lZbAQM=
github.com/pmezard/go-difflib v1.0.0/go.mod h1:iKH77koFhYxTK1pcRnkKkqfTogsbg7gZNVY4sRDYZ/4=
github.com/stretchr/objx v0.1.0/go.mod h1:HFkY916IF+rwdDfMAkV7OtwuqBVzrE8GR6GFx+wExME=
github.com/stretchr/testify v1.7.1 h1:5TQK59W5E3v0r2duFAb7P95B6hEeOyEnHRa8MjYSMTY=
github.com/stretchr/testify v1.7.1/go.mod h1:6Fq8oRcR53rry900zMqJjRRixrwX3KX962/h/Wwjteg=
github.com/terryhay/dolly/argparser v0.0.0-20221030144931-e2fb597a1d5b h1:LR7/MlJqGcSiYa1sdJwBsZAw4EupcgTSoDDIxQmw3T4=
github.com/terryhay/dolly/argparser v0.0.0-20221030144931-e2fb597a1d5b/go.mod h1:Pp+SKNujnQtSxlT6zCehCkWgep1Pb97Q3QSeS5FNIxA=
github.com/terryhay/dolly/argparser v0.0.0-20221030170210-b72975a49813 h1:Sr6U1GDuzkOSWYIJY+GNlZg3jT3CWsMu6yz3mK4nrl8=
github.com/terryhay/dolly/argparser v0.0.0-20221030170210-b72975a49813/go.mod h1:LR0sMZPnxf/krFM4W4WvuYANX07f9PQKCJ/zkRqhebE=
github.com/terryhay/dolly/argparser v0.0.0-20221104190306-a78f2a0054f4 h1:cXTH94ZcXcymkW/yoNtQMk88TLFhlTPYY3ZNBvij7aw=
github.com/terryhay/dolly/argparser v0.0.0-20221104190306-a78f2a0054f4/go.mod h1:RjWRoeixkYwEwwmi14nF5ctfC9AzR9lFEVnT9r9Z3o4=
github.com/terryhay/dolly/argparser v0.0.0-20221105105618-9b99665c144d h1:yRUcxwLRr9YfQNIu7//JyMA8l+8bZ13M/LQY6nV1CYI=
github.com/terryhay/dolly/argparser v0.0.0-20221105105618-9b99665c144d/go.mod h1:aUOcQH9rFCRjRKtxDk8Juo4+YnmnbcsvFiA6ysXbMQA=
github.com/terryhay/dolly/argparser v0.0.0-20221105123730-4eb1eae5dfa4 h1:l/1Bwv7MfIifyFHz1KU5HECCkJ/xjqv7jskYBRBHQyk=
github.com/terryhay/dolly/argparser v0.0.0-20221105123730-4eb1eae5dfa4/go.mod h1:ih/VGwepP7mggx0xrxdKGUimQcokYkDjbm7WBFcHbbI=
github.com/terryhay/dolly/argparser v0.0.0-20221105155921-0450e3682bd3 h1:RG62j78JdnXHoCsoQL/KeUBaVHIt3AnvWhzL6btu21E=
github.com/terryhay/dolly/argparser v0.0.0-20221105155921-0450e3682bd3/go.mod h1:tap+CK/JEGxyxeoh47FpOSB8CCn+wTybll2eDJPkXnU=
github.com/terryhay/dolly/argparser v0.0.0-20221106114538-647b2f23c52d h1:RqKoGDdwMWwQQuyaVFqYpM0mTfwwHSwHGjXw5f/10n0=
github.com/terryhay/dolly/argparser v0.0.0-20221106114538-647b2f23c52d/go.mod h1:ja6e+K3pD39N/XBLbZcQSyDfmuDhrSQoBer7gGjACf4=
github.com/terryhay/dolly/argparser v0.0.0-20221106171707-abe0dc97c755 h1:v4rIb5ndEBfu6+aDLAmeSJ3ccBkQzAnkkKa2rBuJHo4=
github.com/terryhay/dolly/argparser v0.0.0-20221106171707-abe0dc97c755/go.mod h1:sjT0LAy3+qM9YciA2mWfGKhiIL0mnWsVSrY02xH76jk=
github.com/terryhay/dolly/argparser v0.0.0-20221111211349-d6ad4898714f h1:wJlrltIjRyQyQtxSqqN2kWUmOukDB+MWuVrt/p0uEFY=
github.com/terryhay/dolly/argparser v0.0.0-20221111211349-d6ad4898714f/go.mod h1:sjT0LAy3+qM9YciA2mWfGKhiIL0mnWsVSrY02xH76jk=
github.com/terryhay/dolly/argparser v0.0.0-20221111211946-8662246d93d6 h1:X4TTCruxfU+niqRp9jAcxk6SnnDO/QNRbZxGVfKhjvs=
github.com/terryhay/dolly/argparser v0.0.0-20221111211946-8662246d93d6/go.mod h1:uz1gJZjdSYfbS2rdfk50OhbxMDR0Yrzo+mH0ejqr8Pk=
github.com/terryhay/dolly/argparser v0.0.0-20221111212257-b6c7492ce442 h1:WoEg2gNGybV0yI59MTxMrskQpc9CKRnpbvKptYWjmPM=
github.com/terryhay/dolly/argparser v0.0.0-20221111212257-b6c7492ce442/go.mod h1:C2WoGoGF/C+0Y9gPe9bDMLF5RuHjuewsFqnzPJYyXio=
github.com/terryhay/dolly/argparser v0.0.0-20221111212725-a84f3f09cccb h1:9grf+f+tMdqrwNlXOa1ECSZT3kQPJxTnHyxBbf/aRDU=
github.com/terryhay/dolly/argparser v0.0.0-20221111212725-a84f3f09cccb/go.mod h1:j+A03dt4wc5v3yId76DMhnxU99GFitsaoSmZMEwDolg=
github.com/terryhay/dolly/argparser v0.0.0-20221111213050-8ab1f60db739 h1:a4CLikrY/6wGaMSJqlD6pBJWjgNV2ZVKqebZEs3V6uE=
github.com/terryhay/dolly/argparser v0.0.0-20221111213050-8ab1f60db739/go.mod h1:taQ/bNsrKFHJJB3sgIop8+k+ERVrc7EMUUqeBGO9ICA=
github.com/terryhay/dolly/argparser v0.0.0-20221112102944-61bba21eed6a h1:kbWxcjbLbBHTLDYyLC3zfkURWdKHjRKKtAXtkVdXTJ8=
github.com/terryhay/dolly/argparser v0.0.0-20221112102944-61bba21eed6a/go.mod h1:j5xlwTUplgHrl9NIYth+5wZtAPEysLcygcrqBpS3wfU=
github.com/terryhay/dolly/generator v0.0.0-20221030160826-ae948724628b h1:yCSDcIFjNwKcs+Xdjq8tjmoYw4wPANp8/5FJiu1VXBU=
github.com/terryhay/dolly/generator v0.0.0-20221030160826-ae948724628b/go.mod h1:VZAYtq0Rw5kiAMoCCc146nd8xWLSIIH7t9t0FCAiQNA=
github.com/terryhay/dolly/generator v0.0.0-20221104190306-a78f2a0054f4 h1:zzqT3R7+Vea1k+ei++cIwNv3maugdufXM7vDae77osQ=
github.com/terryhay/dolly/generator v0.0.0-20221104190306-a78f2a0054f4/go.mod h1:roPkfGzB6C3nuCU3WXV0Nqhg1si/3omsweGB/CroWCw=
github.com/terryhay/dolly/generator v0.0.0-20221105105618-9b99665c144d h1:mB1TB/tJ/5kyxTLyP8Y0F4dFlcq02tvawz+s16rufuU=
github.com/terryhay/dolly/generator v0.0.0-20221105105618-9b99665c144d/go.mod h1:CUyl57/YjOUxQUejSq1jxzaatndN6XzJLRsX+PVMopI=
github.com/terryhay/dolly/generator v0.0.0-20221105123730-4eb1eae5dfa4 h1:Dr2QlF8cX8JMsGZukoGbcyG9KYMAI7fE809q34aQHKs=
github.com/terryhay/dolly/generator v0.0.0-20221105123730-4eb1eae5dfa4/go.mod h1:xFC8hBra5OoOrf3bwTKNBMXh+UB95y6h8D4WAQfsWng=
github.com/terryhay/dolly/generator v0.0.0-20221105155921-0450e3682bd3 h1:fANHsH0x+OH9GKn6tKSSn9ZT/5fEvqSUhBAhVN1Bb5o=
github.com/terryhay/dolly/generator v0.0.0-20221105155921-0450e3682bd3/go.mod h1:M5ihTn4fwaOhr9xcnS/+xJY9ohZwAF49fqlI7aii+vs=
github.com/terryhay/dolly/generator v0.0.0-20221106114538-647b2f23c52d h1:omMJT24XQs+9y2Nf4pm+0NZvPSImbqwnH7UxiAO7Kt8=
github.com/terryhay/dolly/generator v0.0.0-20221106114538-647b2f23c52d/go.mod h1:bjDYlYBPKQrWbml17RiW52u6wc5jUUjbwxEB3DV9stc=
github.com/terryhay/dolly/generator v0.0.0-20221106163401-99d2b1b66aac h1:v81kpeHmcouuoEsV5GA58cFLAz2OZM/EpJmW2We/fVE=
github.com/terryhay/dolly/generator v0.0.0-20221106163401-99d2b1b66aac/go.mod h1:Ugj5FKVVQR3k9lnBai6F8J0kXsCdZHQHwq/XCok/XOU=
github.com/terryhay/dolly/generator v0.0.0-20221106171707-abe0dc97c755 h1:qxDra0ryDsIaZHZftHUOAeU55eWhEZelBZtS5bmLiF0=
github.com/terryhay/dolly/generator v0.0.0-20221106171707-abe0dc97c755/go.mod h1:g3hUUDuA8xZ8lSdApbwYLtpHJ95lHvFWwgQKMZNc3fE=
github.com/terryhay/dolly/man_style_help v0.0.0-20221111211349-d6ad4898714f h1:MuKW7uWSDPc80Dd8SoMxO+GHDAM86GD/05rnv8aEEqI=
github.com/terryhay/dolly/man_style_help v0.0.0-20221111211349-d6ad4898714f/go.mod h1:zgshxEDGNdEEe4/Itnng4IrxyLV3rmxbM81zP5t8q+w=
github.com/terryhay/dolly/man_style_help v0.0.0-20221111211946-8662246d93d6 h1:x0QIeT8ByrC4lE3ArKk86DpOYjmO0olygoBkZWMH20E=
github.com/terryhay/dolly/man_style_help v0.0.0-20221111211946-8662246d93d6/go.mod h1:zgshxEDGNdEEe4/Itnng4IrxyLV3rmxbM81zP5t8q+w=
github.com/terryhay/dolly/man_style_help v0.0.0-20221111212257-b6c7492ce442 h1:R15+b6y0vShZvmWteuuBzmEHCCs97cvhAbA8EXXsbyA=
github.com/terryhay/dolly/man_style_help v0.0.0-20221111212257-b6c7492ce442/go.mod h1:zgshxEDGNdEEe4/Itnng4IrxyLV3rmxbM81zP5t8q+w=
github.com/terryhay/dolly/man_style_help v0.0.0-20221111212725-a84f3f09cccb h1:DUlGoc2kBvJKb8vWxgfHN5K1+tWBj05ZPrwJ6p2R2dI=
github.com/terryhay/dolly/man_style_help v0.0.0-20221111212725-a84f3f09cccb/go.mod h1:zgshxEDGNdEEe4/Itnng4IrxyLV3rmxbM81zP5t8q+w=
github.com/terryhay/dolly/man_style_help v0.0.0-20221111213050-8ab1f60db739 h1:iHLdzypLJS0jtYNvuNqeNo1hBNw9X67HATY1Pm7XS3M=
github.com/terryhay/dolly/man_style_help v0.0.0-20221111213050-8ab1f60db739/go.mod h1:zgshxEDGNdEEe4/Itnng4IrxyLV3rmxbM81zP5t8q+w=
github.com/terryhay/dolly/man_style_help v0.0.0-20221112102944-61bba21eed6a h1:tslh88HFA1g+AsGpxqnmulqgHBG5Bo5Ivm4q9P/5ogo=
github.com/terryhay/dolly/man_style_help v0.0.0-20221112102944-61bba21eed6a/go.mod h1:zgshxEDGNdEEe4/Itnng4IrxyLV3rmxbM81zP5t8q+w=
github.com/terryhay/dolly/utils v0.0.0-20221030105816-b6810a46118b h1:asetWZSYrgXrrP5UcQpxeV7DF3gjCn+qSbQaTdV/Rac=
github.com/terryhay/dolly/utils v0.0.0-20221030105816-b6810a46118b/go.mod h1:R1VZ4MC8YAklMIJ169QnIoau1yGiFvrx9D5ES0iPljY=
github.com/terryhay/dolly/utils v0.0.0-20221030170210-b72975a49813 h1:Ws+TqNoTuqQ/aPEeYi1EgkUmQrSMrpAkPZgpPediQ+A=
github.com/terryhay/dolly/utils v0.0.0-20221030170210-b72975a49813/go.mod h1:cyM/60uf5Y7N8jH4GrZj36ijCmnhQiH9RisKLIUF7AI=
github.com/terryhay/dolly/utils v0.0.0-20221104190306-a78f2a0054f4 h1:s2gdKjLCqqImtRrZ0IZV/CnboG4ZlhA5kYs+APY44zg=
github.com/terryhay/dolly/utils v0.0.0-20221104190306-a78f2a0054f4/go.mod h1:cyM/60uf5Y7N8jH4GrZj36ijCmnhQiH9RisKLIUF7AI=
github.com/terryhay/dolly/utils v0.0.0-20221105105618-9b99665c144d h1:w0QrAH5i0HzJF+5eYPJ2PILTrUSuVa6Hi9c7MjIsHuc=
github.com/terryhay/dolly/utils v0.0.0-20221105105618-9b99665c144d/go.mod h1:cyM/60uf5Y7N8jH4GrZj36ijCmnhQiH9RisKLIUF7AI=
github.com/terryhay/dolly/utils v0.0.0-20221105123730-4eb1eae5dfa4 h1:0wWE/OgNtuJENVbsJgWtQfhgCjIX60DU1ysQ+LWYzJ4=
github.com/terryhay/dolly/utils v0.0.0-20221105123730-4eb1eae5dfa4/go.mod h1:cyM/60uf5Y7N8jH4GrZj36ijCmnhQiH9RisKLIUF7AI=
github.com/terryhay/dolly/utils v0.0.0-20221105155921-0450e3682bd3 h1:HPsDx0+wTAg/BaKcZhYZ19/9s8oeM9NJT5BJ+nWFRvQ=
github.com/terryhay/dolly/utils v0.0.0-20221105155921-0450e3682bd3/go.mod h1:cyM/60uf5Y7N8jH4GrZj36ijCmnhQiH9RisKLIUF7AI=
github.com/terryhay/dolly/utils v0.0.0-20221106114538-647b2f23c52d h1:ciOVVKY2JThbMgIdBhZehEmXmVUGCah2b5YdMmxM7z4=
github.com/terryhay/dolly/utils v0.0.0-20221106114538-647b2f23c52d/go.mod h1:cyM/60uf5Y7N8jH4GrZj36ijCmnhQiH9RisKLIUF7AI=
github.com/terryhay/dolly/utils v0.0.0-20221106163401-99d2b1b66aac h1:vCPFD8vnSCg/7KlzK70IPmA+QmGXl4IY0MFm0k7lstA=
github.com/terryhay/dolly/utils v0.0.0-20221106163401-99d2b1b66aac/go.mod h1:cyM/60uf5Y7N8jH4GrZj36ijCmnhQiH9RisKLIUF7AI=
github.com/terryhay/dolly/utils v0.0.0-20221111211349-d6ad4898714f h1:HB8CKOOVTKre8pGx6b2SNTMZelFKxV1FwuBAWUqfSos=
github.com/terryhay/dolly/utils v0.0.0-20221111211349-d6ad4898714f/go.mod h1:cyM/60uf5Y7N8jH4GrZj36ijCmnhQiH9RisKLIUF7AI=
github.com/terryhay/dolly/utils v0.0.0-20221111211946-8662246d93d6 h1:Fk0biqWj8Xqb6/bUpaCNevQ/Yd1P9LKc/q22nZPcfas=
github.com/terryhay/dolly/utils v0.0.0-20221111211946-8662246d93d6/go.mod h1:cyM/60uf5Y7N8jH4GrZj36ijCmnhQiH9RisKLIUF7AI=
github.com/terryhay/dolly/utils v0.0.0-20221111212257-b6c7492ce442 h1:SZF6jw7+zUi+xCMdvKwTZuYZFMIz7skB5i6TnZjxZ1I=
github.com/terryhay/dolly/utils v0.0.0-20221111212257-b6c7492ce442/go.mod h1:cyM/60uf5Y7N8jH4GrZj36ijCmnhQiH9RisKLIUF7AI=
github.com/terryhay/dolly/utils v0.0.0-20221111212725-a84f3f09cccb h1:0FJFLbaWPlMp75XijDY2Cb0hT639qNsw3HDmqKgVcQs=
github.com/terryhay/dolly/utils v0.0.0-20221111212725-a84f3f09cccb/go.mod h1:cyM/60uf5Y7N8jH4GrZj36ijCmnhQiH9RisKLIUF7AI=
github.com/terryhay/dolly/utils v0.0.0-20221111213050-8ab1f60db739 h1:B3cGUgGpnHe3kbczMo769LKVL3zqR3FcKZPnZAwKIcw=
github.com/terryhay/dolly/utils v0.0.0-20221111213050-8ab1f60db739/go.mod h1:cyM/60uf5Y7N8jH4GrZj36ijCmnhQiH9RisKLIUF7AI=
github.com/terryhay/dolly/utils v0.0.0-20221112102944-61bba21eed6a h1:6CaToNKdET3I8M6nGhUQNE5gRPBo756PpSKdDWM5iRw=
github.com/terryhay/dolly/utils v0.0.0-20221112102944-61bba21eed6a/go.mod h1:cyM/60uf5Y7N8jH4GrZj36ijCmnhQiH9RisKLIUF7AI=
gopkg.in/check.v1 v0.0.0-20161208181325-20d25e280405 h1:yhCVgyC4o1eVCa2tZl7eS0r+SDo693bJlVdllGtEeKM=
gopkg.in/check.v1 v0.0.0-20161208181325-20d25e280405/go.mod h1:Co6ibVJAznAaIkqp8huTwlJQCZ016jof/cbN4VW5Yz0=
gopkg.in/yaml.v3 v3.0.0-20200313102051-9f266ea9e77c h1:dUUwHk2QECo/6vqA44rthZ8ie2QXMNeKRTHCNY2nXvo=
gopkg.in/yaml.v3 v3.0.0-20200313102051-9f266ea9e77c/go.mod h1:K4uyk7z7BCEPqu6E+C64Yfv1cQ7kz7rIZviUmN+EgEM=
