bou.ke/monkey v1.0.2 h1:kWcnsrCNUatbxncxR/ThdYqbytgOIArtYWqcQLQzKLI=
bou.ke/monkey v1.0.2/go.mod h1:OqickVX3tNx6t33n1xvtTtu85YN5s6cKwVug+oHMaIA=
github.com/brianvoe/gofakeit v3.18.0+incompatible h1:wDOmHc9DLG4nRjUVVaxA+CEglKOW72Y5+4WNxUIkjM8=
github.com/brianvoe/gofakeit v3.18.0+incompatible/go.mod h1:kfwdRA90vvNhPutZWfH7WPaDzUjz+CZFqG+rPkOjGOc=
github.com/davecgh/go-spew v1.1.0 h1:ZDRjVQ15GmhC3fiQ8ni8+OwkZQO4DARzQgrnXU1Liz8=
github.com/davecgh/go-spew v1.1.0/go.mod h1:J7Y8YcW2NihsgmVo/mv3lAwl/skON4iLHjSsI+c5H38=
github.com/davecgh/go-spew v1.1.1 h1:vj9j/u1bqnvCEfJOwUhtlOARqs3+rkHYY13jYWTU97c=
github.com/davecgh/go-spew v1.1.1/go.mod h1:J7Y8YcW2NihsgmVo/mv3lAwl/skON4iLHjSsI+c5H38=
github.com/golang/mock v1.6.0 h1:ErTB+efbowRARo13NNdxyJji2egdxLGQhRaY+DUumQc=
github.com/golang/mock v1.6.0/go.mod h1:p6yTPP+5HYm5mzsMV8JkE6ZKdX+/wYM6Hr+LicevLPs=
github.com/google/go-cmp v0.5.8 h1:e6P7q2lk1O+qJJb4BtCQXlK8vWEO8V1ZeuEdJNOqZyg=
github.com/google/go-cmp v0.5.8/go.mod h1:17dUlkBOakJ0+DkrSSNjCkIjxS6bF9zb3elmeNGIjoY=
github.com/hashicorp/errwrap v1.0.0 h1:hLrqtEDnRye3+sgx6z4qVLNuviH3MR5aQ0ykNJa/UYA=
github.com/hashicorp/errwrap v1.0.0/go.mod h1:YH+1FKiLXxHSkmPseP+kNlulaMuP3n2brvKWEqk/Jc4=
github.com/hashicorp/go-multierror v1.1.1 h1:H5DkEtf6CXdFp0N0Em5UCwQpXMWke8IA0+lD48awMYo=
github.com/hashicorp/go-multierror v1.1.1/go.mod h1:iw975J/qwKPdAO1clOe2L8331t/9/fmwbPZ6JB6eMoM=
github.com/mattn/go-runewidth v0.0.9 h1:Lm995f3rfxdpd6TSmuVCHVb/QhupuXlYr8sCI/QdE+0=
github.com/mattn/go-runewidth v0.0.9/go.mod h1:H031xJmbD/WCDINGzjvQ9THkh0rPKHF+m2gUSrubnMI=
github.com/nsf/termbox-go v1.1.1 h1:nksUPLCb73Q++DwbYUBEglYBRPZyoXJdrj5L+TkjyZY=
github.com/nsf/termbox-go v1.1.1/go.mod h1:T0cTdVuOwf7pHQNtfhnEbzHbcNyCEcVU4YPpouCbVxo=
github.com/pmezard/go-difflib v1.0.0 h1:4DBwDE0NGyQoBHbLQYPwSUPoCMWR5BEzIk/f1lZbAQM=
github.com/pmezard/go-difflib v1.0.0/go.mod h1:iKH77koFhYxTK1pcRnkKkqfTogsbg7gZNVY4sRDYZ/4=
github.com/sgreben/testing-with-gomock v0.0.0-20180127205614-2990fb8af60c h1:jw4WRkbIU4AxOShSWJC7YTD7eb7GCns0emFdiCijWNU=
github.com/sgreben/testing-with-gomock v0.0.0-20180127205614-2990fb8af60c/go.mod h1:dr4X+nbAnXOscGwFcaXPnqJkbadmDXTmoQuY+hXndOc=
github.com/stretchr/objx v0.1.0/go.mod h1:HFkY916IF+rwdDfMAkV7OtwuqBVzrE8GR6GFx+wExME=
github.com/stretchr/objx v0.4.0/go.mod h1:YvHI0jy2hoMjB+UWwv71VJQ9isScKT/TqJzVSSt89Yw=
github.com/stretchr/objx v0.5.0 h1:1zr/of2m5FGMsad5YfcqgdqdWrIhu+EBEJRhR1U7z/c=
github.com/stretchr/objx v0.5.0/go.mod h1:Yh+to48EsGEfYuaHDzXPcE3xhTkx73EhmCGUpEOglKo=
github.com/stretchr/testify v1.7.1 h1:5TQK59W5E3v0r2duFAb7P95B6hEeOyEnHRa8MjYSMTY=
github.com/stretchr/testify v1.7.1/go.mod h1:6Fq8oRcR53rry900zMqJjRRixrwX3KX962/h/Wwjteg=
github.com/stretchr/testify v1.8.0/go.mod h1:yNjHg4UonilssWZ8iaSj1OCr/vHnekPRkoO+kdMU+MU=
github.com/stretchr/testify v1.8.4 h1:CcVxjf3Q8PM0mHUKJCdn+eZZtm5yQwehR5yeSVQQcUk=
github.com/stretchr/testify v1.8.4/go.mod h1:sz/lmYIOXD/1dqDmKjjqLyZ2RngseejIcXlSw2iwfAo=
github.com/terryhay/dolly/tools v0.0.0-20221030105816-b6810a46118b h1:asetWZSYrgXrrP5UcQpxeV7DF3gjCn+qSbQaTdV/Rac=
github.com/terryhay/dolly/tools v0.0.0-20221030105816-b6810a46118b/go.mod h1:R1VZ4MC8YAklMIJ169QnIoau1yGiFvrx9D5ES0iPljY=
github.com/terryhay/dolly/tools v0.0.0-20221030170210-b72975a49813 h1:Ws+TqNoTuqQ/aPEeYi1EgkUmQrSMrpAkPZgpPediQ+A=
github.com/terryhay/dolly/tools v0.0.0-20221030170210-b72975a49813/go.mod h1:cyM/60uf5Y7N8jH4GrZj36ijCmnhQiH9RisKLIUF7AI=
github.com/terryhay/dolly/tools v0.0.0-20221104190306-a78f2a0054f4 h1:s2gdKjLCqqImtRrZ0IZV/CnboG4ZlhA5kYs+APY44zg=
github.com/terryhay/dolly/tools v0.0.0-20221104190306-a78f2a0054f4/go.mod h1:cyM/60uf5Y7N8jH4GrZj36ijCmnhQiH9RisKLIUF7AI=
github.com/terryhay/dolly/tools v0.0.0-20221105105618-9b99665c144d h1:w0QrAH5i0HzJF+5eYPJ2PILTrUSuVa6Hi9c7MjIsHuc=
github.com/terryhay/dolly/tools v0.0.0-20221105105618-9b99665c144d/go.mod h1:cyM/60uf5Y7N8jH4GrZj36ijCmnhQiH9RisKLIUF7AI=
github.com/terryhay/dolly/tools v0.0.0-20221105123730-4eb1eae5dfa4 h1:0wWE/OgNtuJENVbsJgWtQfhgCjIX60DU1ysQ+LWYzJ4=
github.com/terryhay/dolly/tools v0.0.0-20221105123730-4eb1eae5dfa4/go.mod h1:cyM/60uf5Y7N8jH4GrZj36ijCmnhQiH9RisKLIUF7AI=
github.com/terryhay/dolly/tools v0.0.0-20221105155921-0450e3682bd3 h1:HPsDx0+wTAg/BaKcZhYZ19/9s8oeM9NJT5BJ+nWFRvQ=
github.com/terryhay/dolly/tools v0.0.0-20221105155921-0450e3682bd3/go.mod h1:cyM/60uf5Y7N8jH4GrZj36ijCmnhQiH9RisKLIUF7AI=
github.com/terryhay/dolly/tools v0.0.0-20221106114538-647b2f23c52d h1:ciOVVKY2JThbMgIdBhZehEmXmVUGCah2b5YdMmxM7z4=
github.com/terryhay/dolly/tools v0.0.0-20221106114538-647b2f23c52d/go.mod h1:cyM/60uf5Y7N8jH4GrZj36ijCmnhQiH9RisKLIUF7AI=
github.com/terryhay/dolly/tools v0.0.0-20221106163401-99d2b1b66aac h1:vCPFD8vnSCg/7KlzK70IPmA+QmGXl4IY0MFm0k7lstA=
github.com/terryhay/dolly/tools v0.0.0-20221106163401-99d2b1b66aac/go.mod h1:cyM/60uf5Y7N8jH4GrZj36ijCmnhQiH9RisKLIUF7AI=
github.com/terryhay/dolly/tools v0.0.0-20221111211349-d6ad4898714f h1:HB8CKOOVTKre8pGx6b2SNTMZelFKxV1FwuBAWUqfSos=
github.com/terryhay/dolly/tools v0.0.0-20221111211349-d6ad4898714f/go.mod h1:cyM/60uf5Y7N8jH4GrZj36ijCmnhQiH9RisKLIUF7AI=
github.com/terryhay/dolly/tools v0.0.0-20221111211946-8662246d93d6 h1:Fk0biqWj8Xqb6/bUpaCNevQ/Yd1P9LKc/q22nZPcfas=
github.com/terryhay/dolly/tools v0.0.0-20221111211946-8662246d93d6/go.mod h1:cyM/60uf5Y7N8jH4GrZj36ijCmnhQiH9RisKLIUF7AI=
github.com/terryhay/dolly/tools v0.0.0-20221111212257-b6c7492ce442 h1:SZF6jw7+zUi+xCMdvKwTZuYZFMIz7skB5i6TnZjxZ1I=
github.com/terryhay/dolly/tools v0.0.0-20221111212257-b6c7492ce442/go.mod h1:cyM/60uf5Y7N8jH4GrZj36ijCmnhQiH9RisKLIUF7AI=
github.com/terryhay/dolly/tools v0.0.0-20221111212725-a84f3f09cccb h1:0FJFLbaWPlMp75XijDY2Cb0hT639qNsw3HDmqKgVcQs=
github.com/terryhay/dolly/tools v0.0.0-20221111212725-a84f3f09cccb/go.mod h1:cyM/60uf5Y7N8jH4GrZj36ijCmnhQiH9RisKLIUF7AI=
github.com/terryhay/dolly/tools v0.0.0-20221111213050-8ab1f60db739 h1:B3cGUgGpnHe3kbczMo769LKVL3zqR3FcKZPnZAwKIcw=
github.com/terryhay/dolly/tools v0.0.0-20221111213050-8ab1f60db739/go.mod h1:cyM/60uf5Y7N8jH4GrZj36ijCmnhQiH9RisKLIUF7AI=
github.com/terryhay/dolly/tools v0.0.0-20221112102944-61bba21eed6a h1:6CaToNKdET3I8M6nGhUQNE5gRPBo756PpSKdDWM5iRw=
github.com/terryhay/dolly/tools v0.0.0-20221112102944-61bba21eed6a/go.mod h1:cyM/60uf5Y7N8jH4GrZj36ijCmnhQiH9RisKLIUF7AI=
github.com/terryhay/dolly/tools v0.0.0-20230114113530-3ffd06d755e7 h1:Z+bfQPcIHFPUvHbp58WifDX5n9BG39X4lBvLpjnl9Dg=
github.com/terryhay/dolly/tools v0.0.0-20230114113530-3ffd06d755e7/go.mod h1:cyM/60uf5Y7N8jH4GrZj36ijCmnhQiH9RisKLIUF7AI=
github.com/terryhay/dolly/tools v0.0.0-20230204144134-d144ceb1299c h1:04gtirNiMb+oKIECWlLYVrIahlWcv9PTKunM656fUc0=
github.com/terryhay/dolly/tools v0.0.0-20230204144134-d144ceb1299c/go.mod h1:cyM/60uf5Y7N8jH4GrZj36ijCmnhQiH9RisKLIUF7AI=
github.com/terryhay/dolly/tools v0.0.0-20230506145610-2859b9af2ce2 h1:wn7PgFf3zyB1PlWlgzt5+3l8qZ1pbr2znwz/x53c2aA=
github.com/terryhay/dolly/tools v0.0.0-20230506145610-2859b9af2ce2/go.mod h1:rmXJIqGdU3zOohNekJYbVwWH75Sc6g2KldDLgpfPCDc=
github.com/terryhay/dolly/tools v0.0.0-20230919150754-c70aa02dfcbf h1:U2ulE6s7JLMgVgMGkLRYwbyNuEcwjaJ+NU1o6NYjTFM=
github.com/terryhay/dolly/tools v0.0.0-20230919150754-c70aa02dfcbf/go.mod h1:OGHDRvL/95COzlhEPNjljj8JXpGa3y+iJbDlDL5pB5M=
github.com/terryhay/dolly/tools v0.0.0-20230925125744-3446e6c4f0a8 h1:OFtkpYmN5EVKVXw2TSnBK9UTpZoOn183zfF3ylLi1RQ=
github.com/terryhay/dolly/tools v0.0.0-20230925125744-3446e6c4f0a8/go.mod h1:b7YkuD/lMjUOSpnLygTYoZc+CKW0/VNFjZ8lxYlmctY=
github.com/terryhay/dolly/tools v0.0.0-20230930082635-01b5b41d9cc7 h1:YjEFe7bRIEiPpsFsv23VTkAc7CzMbUHtz6hkG4Bd00w=
github.com/terryhay/dolly/tools v0.0.0-20230930082635-01b5b41d9cc7/go.mod h1:b7YkuD/lMjUOSpnLygTYoZc+CKW0/VNFjZ8lxYlmctY=
github.com/terryhay/dolly/tools v0.0.0-20230930091548-8b68c8a05cc7 h1:H2Hv7dHZ4kSSulhCiIkzhjLNDuikWb25ip9vlvxXUKE=
github.com/terryhay/dolly/tools v0.0.0-20230930091548-8b68c8a05cc7/go.mod h1:b7YkuD/lMjUOSpnLygTYoZc+CKW0/VNFjZ8lxYlmctY=
github.com/yuin/goldmark v1.3.5/go.mod h1:mwnBkeHKe2W/ZEtQ+71ViKU8L12m81fl3OWwC1Zlc8k=
golang.org/x/crypto v0.0.0-20190308221718-c2843e01d9a2/go.mod h1:djNgcEr1/C05ACkg1iLfiJU5Ep61QUkGW8qpdssI0+w=
golang.org/x/crypto v0.0.0-20191011191535-87dc89f01550/go.mod h1:yigFU9vqHzYiE8UmvKecakEJjdnWj3jj499lnFckfCI=
golang.org/x/mod v0.4.2/go.mod h1:s0Qsj1ACt9ePp/hMypM3fl4fZqREWJwdYDEqhRiZZUA=
golang.org/x/net v0.0.0-20190404232315-eb5bcb51f2a3/go.mod h1:t9HGtf8HONx5eT2rtn7q6eTqICYqUVnKs3thJo3Qplg=
golang.org/x/net v0.0.0-20190620200207-3b0461eec859/go.mod h1:z5CRVTTTmAJ677TzLLGU+0bjPO0LkuOLi4/5GtJWs/s=
golang.org/x/net v0.0.0-20210405180319-a5a99cb37ef4/go.mod h1:p54w0d4576C0XHj96bSt6lcn1PtDYWL6XObtHCRCNQM=
golang.org/x/sync v0.0.0-20190423024810-112230192c58/go.mod h1:RxMgew5VJxzue5/jJTE5uejpjVlOe/izrB70Jof72aM=
golang.org/x/sync v0.0.0-20210220032951-036812b2e83c/go.mod h1:RxMgew5VJxzue5/jJTE5uejpjVlOe/izrB70Jof72aM=
golang.org/x/sys v0.0.0-20190215142949-d0b11bdaac8a/go.mod h1:STP8DvDyc/dI5b8T5hshtkjS+E42TnysNCUPdjciGhY=
golang.org/x/sys v0.0.0-20190412213103-97732733099d/go.mod h1:h1NjWce9XRLGQEsW7wpKNCjG9DtNlClVuFLEZdDNbEs=
golang.org/x/sys v0.0.0-20201119102817-f84b799fce68/go.mod h1:h1NjWce9XRLGQEsW7wpKNCjG9DtNlClVuFLEZdDNbEs=
golang.org/x/sys v0.0.0-20210330210617-4fbd30eecc44/go.mod h1:h1NjWce9XRLGQEsW7wpKNCjG9DtNlClVuFLEZdDNbEs=
golang.org/x/sys v0.0.0-20210510120138-977fb7262007/go.mod h1:oPkhp1MJrh7nUepCBck5+mAzfO9JrbApNNgaTdGDITg=
golang.org/x/term v0.0.0-20201126162022-7de9c90e9dd1/go.mod h1:bj7SfCRtBDWHUb9snDiAeCFNEtKQo2Wmx5Cou7ajbmo=
golang.org/x/text v0.3.0/go.mod h1:NqM8EUOU14njkJ3fqMW+pc6Ldnwhi/IjpwHt7yyuwOQ=
golang.org/x/text v0.3.3/go.mod h1:5Zoc/QRtKVWzQhOtBMvqHzDpF6irO9z98xDceosuGiQ=
golang.org/x/tools v0.0.0-20180917221912-90fa682c2a6e/go.mod h1:n7NCudcB/nEzxVGmLbDWY5pfWTLqBcC2KZ6jyYvM4mQ=
golang.org/x/tools v0.0.0-20191119224855-298f0cb1881e/go.mod h1:b+2E5dAYhXwXZwtnZ6UAqBI28+e2cm9otk0dWdXHAEo=
golang.org/x/tools v0.1.1/go.mod h1:o0xws9oXOQQZyjljx8fwUC0k7L1pTE6eaCbjGeHmOkk=
golang.org/x/xerrors v0.0.0-20190717185122-a985d3407aa7/go.mod h1:I/5z698sn9Ka8TeJc9MKroUUfqBBauWjQqLJ2OPfmY0=
golang.org/x/xerrors v0.0.0-20191011141410-1b5146add898/go.mod h1:I/5z698sn9Ka8TeJc9MKroUUfqBBauWjQqLJ2OPfmY0=
golang.org/x/xerrors v0.0.0-20200804184101-5ec99f83aff1/go.mod h1:I/5z698sn9Ka8TeJc9MKroUUfqBBauWjQqLJ2OPfmY0=
gopkg.in/check.v1 v0.0.0-20161208181325-20d25e280405 h1:yhCVgyC4o1eVCa2tZl7eS0r+SDo693bJlVdllGtEeKM=
gopkg.in/check.v1 v0.0.0-20161208181325-20d25e280405/go.mod h1:Co6ibVJAznAaIkqp8huTwlJQCZ016jof/cbN4VW5Yz0=
gopkg.in/yaml.v3 v3.0.0-20200313102051-9f266ea9e77c/go.mod h1:K4uyk7z7BCEPqu6E+C64Yfv1cQ7kz7rIZviUmN+EgEM=
gopkg.in/yaml.v3 v3.0.1 h1:fxVm/GzAzEWqLHuvctI91KS9hhNmmWOoWu0XTYJS7CA=
gopkg.in/yaml.v3 v3.0.1/go.mod h1:K4uyk7z7BCEPqu6E+C64Yfv1cQ7kz7rIZviUmN+EgEM=
